# THIS IS AN AUTOGENERATED FILE. DO NOT EDIT THIS FILE DIRECTLY.
# yarn lockfile v1


async@~0.2.7:
  version "0.2.10"
  resolved "https://registry.yarnpkg.com/async/-/async-0.2.10.tgz#b6bbe0b0674b9d719708ca38de8c237cb526c3d1"
  integrity sha1-trvgsGdLnXGXCMo43owjfLUmw9E=

combined-stream@~0.0.4:
  version "0.0.7"
  resolved "https://registry.yarnpkg.com/combined-stream/-/combined-stream-0.0.7.tgz#0137e657baa5a7541c57ac37ac5fc07d73b4dc1f"
  integrity sha1-ATfmV7qlp1QcV6w3rF/AfXO03B8=
  dependencies:
    delayed-stream "0.0.5"

cron-parser@^2.7.3:
  version "2.13.0"
  resolved "https://registry.yarnpkg.com/cron-parser/-/cron-parser-2.13.0.tgz#6f930bb6f2931790d2a9eec83b3ec276e27a6725"
  integrity sha512-UWeIpnRb0eyoWPVk+pD3TDpNx3KCFQeezO224oJIkktBrcW6RoAPOx5zIKprZGfk6vcYSmA8yQXItejSaDBhbQ==
  dependencies:
    is-nan "^1.2.1"
    moment-timezone "^0.5.25"

define-properties@^1.1.1:
  version "1.1.3"
  resolved "https://registry.yarnpkg.com/define-properties/-/define-properties-1.1.3.tgz#cf88da6cbee26fe6db7094f61d870cbd84cee9f1"
  integrity sha512-3MqfYKj2lLzdMSf8ZIZE/V+Zuy+BgD6f164e8K2w7dgnpKArBDerGYpM46IYYcjnkdPNMjPk9A6VFB8+3SKlXQ==
  dependencies:
    object-keys "^1.0.12"

delayed-stream@0.0.5:
  version "0.0.5"
  resolved "https://registry.yarnpkg.com/delayed-stream/-/delayed-stream-0.0.5.tgz#d4b1f43a93e8296dfe02694f4680bc37a313c73f"
  integrity sha1-1LH0OpPoKW3+AmlPRoC8N6MTxz8=

dotenv@^8.2.0:
  version "8.2.0"
  resolved "https://registry.yarnpkg.com/dotenv/-/dotenv-8.2.0.tgz#97e619259ada750eea3e4ea3e26bceea5424b16a"
  integrity sha512-8sJ78ElpbDJBHNeBzUbUVLsqKdccaa/BXF1uPTw3GrvQTBgrQrtObr2mUrE38vzYd8cEv+m/JBfDLioYcfXoaw==

form-data@~0.0.3:
  version "0.0.10"
  resolved "https://registry.yarnpkg.com/form-data/-/form-data-0.0.10.tgz#db345a5378d86aeeb1ed5d553b869ac192d2f5ed"
  integrity sha1-2zRaU3jYau6x7V1VO4aawZLS9e0=
  dependencies:
    async "~0.2.7"
    combined-stream "~0.0.4"
    mime "~1.2.2"

is-nan@^1.2.1:
  version "1.2.1"
  resolved "https://registry.yarnpkg.com/is-nan/-/is-nan-1.2.1.tgz#9faf65b6fb6db24b7f5c0628475ea71f988401e2"
  integrity sha1-n69ltvttskt/XAYoR16nH5iEAeI=
  dependencies:
    define-properties "^1.1.1"

jira@^0.9.2:
  version "0.9.2"
  resolved "https://registry.yarnpkg.com/jira/-/jira-0.9.2.tgz#2b478c79564d3d8d210f9a6e3406c09a0b76caa0"
  integrity sha1-K0eMeVZNPY0hD5puNAbAmgt2yqA=
  dependencies:
    oauth "^0.9.11"
    request "<2.16.0"

long-timeout@0.1.1:
  version "0.1.1"
  resolved "https://registry.yarnpkg.com/long-timeout/-/long-timeout-0.1.1.tgz#9721d788b47e0bcb5a24c2e2bee1a0da55dab514"
  integrity sha1-lyHXiLR+C8taJMLivuGg2lXatRQ=

mime@~1.2.2, mime@~1.2.7:
  version "1.2.11"
  resolved "https://registry.yarnpkg.com/mime/-/mime-1.2.11.tgz#58203eed86e3a5ef17aed2b7d9ebd47f0a60dd10"
  integrity sha1-WCA+7Ybjpe8XrtK32evUfwpg3RA=

moment-timezone@^0.5.25:
  version "0.5.27"
  resolved "https://registry.yarnpkg.com/moment-timezone/-/moment-timezone-0.5.27.tgz#73adec8139b6fe30452e78f210f27b1f346b8877"
  integrity sha512-EIKQs7h5sAsjhPCqN6ggx6cEbs94GK050254TIJySD1bzoM5JTYDwAU1IoVOeTOL6Gm27kYJ51/uuvq1kIlrbw==
  dependencies:
    moment ">= 2.9.0"

"moment@>= 2.9.0", moment@^2.29.4:
  version "2.29.4"
  resolved "https://registry.yarnpkg.com/moment/-/moment-2.29.4.tgz#3dbe052889fe7c1b2ed966fcb3a77328964ef108"
  integrity sha512-5LC9SOxjSc2HF6vO2CyuTDNivEdoz2IvyJJGj6X8DJ0eFyfszE0QiEd+iXmBvUP3WHxSjFH/vIsA0EN00cgr8w==

node-schedule@^1.3.2:
  version "1.3.2"
  resolved "https://registry.yarnpkg.com/node-schedule/-/node-schedule-1.3.2.tgz#d774b383e2a6f6ade59eecc62254aea07cd758cb"
  integrity sha512-GIND2pHMHiReSZSvS6dpZcDH7pGPGFfWBIEud6S00Q8zEIzAs9ommdyRK1ZbQt8y1LyZsJYZgPnyi7gpU2lcdw==
  dependencies:
    cron-parser "^2.7.3"
    long-timeout "0.1.1"
    sorted-array-functions "^1.0.0"

oauth@^0.9.11:
  version "0.9.15"
  resolved "https://registry.yarnpkg.com/oauth/-/oauth-0.9.15.tgz#bd1fefaf686c96b75475aed5196412ff60cfb9c1"
  integrity sha1-vR/vr2hslrdUda7VGWQS/2DPucE=

object-keys@^1.0.12:
  version "1.1.1"
  resolved "https://registry.yarnpkg.com/object-keys/-/object-keys-1.1.1.tgz#1c47f272df277f3b1daf061677d9c82e2322c60e"
  integrity sha512-NuAESUOUMrlIXOfHKzD6bpPu3tYt3xvjNdRIQ+FeT0lNb4K8WR70CaDxhuNguS2XG+GjkyMwOzsN5ZktImfhLA==

request@<2.16.0:
  version "2.14.0"
  resolved "https://registry.yarnpkg.com/request/-/request-2.14.0.tgz#0d8acbb0b14c1ab82e000b7d381fa8c80d1a7d88"
  integrity sha1-DYrLsLFMGrguAAt9OB+oyA0afYg=
  dependencies:
    form-data "~0.0.3"
    mime "~1.2.7"

sorted-array-functions@^1.0.0:
  version "1.2.0"
  resolved "https://registry.yarnpkg.com/sorted-array-functions/-/sorted-array-functions-1.2.0.tgz#43265b21d6e985b7df31621b1c11cc68d8efc7c3"
  integrity sha512-sWpjPhIZJtqO77GN+LD8dDsDKcWZ9GCOJNqKzi1tvtjGIzwfoyuRH8S0psunmc6Z5P+qfDqztSbwYR5X/e1UTg==
